// !$*UTF8*$!
{
	archiveVersion = 1;
	classes = {
	};
	objectVersion = 46;
	objects = {

/* Begin PBXBuildFile section */
		82072787150F802F0001388B /* IARLRadio.m in Sources */ = {isa = PBXBuildFile; fileRef = 82072786150F802F0001388B /* IARLRadio.m */; };
		820A026C1518D74D00FF0220 /* NSNumber+IARL.m in Sources */ = {isa = PBXBuildFile; fileRef = 820A026B1518D74D00FF0220 /* NSNumber+IARL.m */; };
		820A026F1518DA6500FF0220 /* tower_blue.png in Resources */ = {isa = PBXBuildFile; fileRef = 820A026E1518DA6500FF0220 /* tower_blue.png */; };
		825316AA1520EE3B00745497 /* IARLAnnotationView.m in Sources */ = {isa = PBXBuildFile; fileRef = 825316A91520EE3B00745497 /* IARLAnnotationView.m */; };
		827F07D9151F95C000D006E9 /* NSNumber+IARL.m in Sources */ = {isa = PBXBuildFile; fileRef = 820A026B1518D74D00FF0220 /* NSNumber+IARL.m */; };
		827F07DD151F9D1100D006E9 /* 22-location-arrow.png in Resources */ = {isa = PBXBuildFile; fileRef = 827F07DB151F9D1100D006E9 /* 22-location-arrow.png */; };
		827F07DE151F9D1100D006E9 /* 22-location-arrow@2x.png in Resources */ = {isa = PBXBuildFile; fileRef = 827F07DC151F9D1100D006E9 /* 22-location-arrow@2x.png */; };
		82A01A6B1510DA6100637827 /* IARLRadioDetailViewController.m in Sources */ = {isa = PBXBuildFile; fileRef = 82A01A691510DA6100637827 /* IARLRadioDetailViewController.m */; };
		82A01A6C1510DA6100637827 /* IARLRadioDetailViewController.xib in Resources */ = {isa = PBXBuildFile; fileRef = 82A01A6A1510DA6100637827 /* IARLRadioDetailViewController.xib */; };
		82A01A6F1510EEF200637827 /* IARLFiltersViewController.m in Sources */ = {isa = PBXBuildFile; fileRef = 82A01A6E1510EEF200637827 /* IARLFiltersViewController.m */; };
		82A5C2B7151566D000FE1AE1 /* CoreData.framework in Frameworks */ = {isa = PBXBuildFile; fileRef = 82A5C2B6151566D000FE1AE1 /* CoreData.framework */; };
		82A5C2BB1515681300FE1AE1 /* IARL.xcdatamodeld in Sources */ = {isa = PBXBuildFile; fileRef = 82A5C2B91515681300FE1AE1 /* IARL.xcdatamodeld */; };
		82A5C2BD15157BEA00FE1AE1 /* IARL.sqlite in Resources */ = {isa = PBXBuildFile; fileRef = 82A5C2BC15157BEA00FE1AE1 /* IARL.sqlite */; };
		82A5C2C415157DEB00FE1AE1 /* CoreData.framework in Frameworks */ = {isa = PBXBuildFile; fileRef = 82A5C2B6151566D000FE1AE1 /* CoreData.framework */; };
		82A5C2C515157DEB00FE1AE1 /* Foundation.framework in Frameworks */ = {isa = PBXBuildFile; fileRef = 82CD3517150F623900BFE036 /* Foundation.framework */; };
		82A5C2C815157DEB00FE1AE1 /* main.m in Sources */ = {isa = PBXBuildFile; fileRef = 82A5C2C715157DEB00FE1AE1 /* main.m */; };
		82A5C2D315157E3F00FE1AE1 /* IARL.xcdatamodeld in Sources */ = {isa = PBXBuildFile; fileRef = 82A5C2B91515681300FE1AE1 /* IARL.xcdatamodeld */; };
		82A5C2D5151691FE00FE1AE1 /* UINavigationBar.png in Resources */ = {isa = PBXBuildFile; fileRef = 82A5C2D4151691FE00FE1AE1 /* UINavigationBar.png */; };
		82CD3516150F623900BFE036 /* UIKit.framework in Frameworks */ = {isa = PBXBuildFile; fileRef = 82CD3515150F623900BFE036 /* UIKit.framework */; };
		82CD3518150F623900BFE036 /* Foundation.framework in Frameworks */ = {isa = PBXBuildFile; fileRef = 82CD3517150F623900BFE036 /* Foundation.framework */; };
		82CD351A150F623900BFE036 /* CoreGraphics.framework in Frameworks */ = {isa = PBXBuildFile; fileRef = 82CD3519150F623900BFE036 /* CoreGraphics.framework */; };
		82CD3520150F623900BFE036 /* InfoPlist.strings in Resources */ = {isa = PBXBuildFile; fileRef = 82CD351E150F623900BFE036 /* InfoPlist.strings */; };
		82CD3522150F623900BFE036 /* main.m in Sources */ = {isa = PBXBuildFile; fileRef = 82CD3521150F623900BFE036 /* main.m */; };
		82CD3526150F623900BFE036 /* IARLAppDelegate.m in Sources */ = {isa = PBXBuildFile; fileRef = 82CD3525150F623900BFE036 /* IARLAppDelegate.m */; };
		82CD352E150F623900BFE036 /* SenTestingKit.framework in Frameworks */ = {isa = PBXBuildFile; fileRef = 82CD352D150F623900BFE036 /* SenTestingKit.framework */; };
		82CD352F150F623900BFE036 /* UIKit.framework in Frameworks */ = {isa = PBXBuildFile; fileRef = 82CD3515150F623900BFE036 /* UIKit.framework */; };
		82CD3530150F623900BFE036 /* Foundation.framework in Frameworks */ = {isa = PBXBuildFile; fileRef = 82CD3517150F623900BFE036 /* Foundation.framework */; };
		82CD3538150F623900BFE036 /* InfoPlist.strings in Resources */ = {isa = PBXBuildFile; fileRef = 82CD3536150F623900BFE036 /* InfoPlist.strings */; };
		82CD353B150F623900BFE036 /* IARLTests.m in Sources */ = {isa = PBXBuildFile; fileRef = 82CD353A150F623900BFE036 /* IARLTests.m */; };
		82CD3546150F637E00BFE036 /* IARLRadioTableController.m in Sources */ = {isa = PBXBuildFile; fileRef = 82CD3545150F637E00BFE036 /* IARLRadioTableController.m */; };
		82CD3549150F642B00BFE036 /* IARLMapController.m in Sources */ = {isa = PBXBuildFile; fileRef = 82CD3548150F642B00BFE036 /* IARLMapController.m */; };
		82CD354B150F663F00BFE036 /* MapKit.framework in Frameworks */ = {isa = PBXBuildFile; fileRef = 82CD354A150F663F00BFE036 /* MapKit.framework */; };
		82CD3550150F680C00BFE036 /* CoreLocation.framework in Frameworks */ = {isa = PBXBuildFile; fileRef = 82CD354F150F680C00BFE036 /* CoreLocation.framework */; };
		82E0E3F11511D8FB0095425C /* NSString+IARL.m in Sources */ = {isa = PBXBuildFile; fileRef = 82E0E3F01511D8FB0095425C /* NSString+IARL.m */; };
		82E0E3F51511F5450095425C /* IARLBandFilterViewController.m in Sources */ = {isa = PBXBuildFile; fileRef = 82E0E3F41511F5450095425C /* IARLBandFilterViewController.m */; };
		82E0E3FB1512033E0095425C /* IARLDataController.m in Sources */ = {isa = PBXBuildFile; fileRef = 82E0E3FA1512033E0095425C /* IARLDataController.m */; };
		82E0E40715188A170095425C /* radios.js in CopyFiles */ = {isa = PBXBuildFile; fileRef = 82323FE415109C0B0049A90C /* radios.js */; };
		82E0E40815188B3B0095425C /* IARLRadio.m in Sources */ = {isa = PBXBuildFile; fileRef = 82072786150F802F0001388B /* IARLRadio.m */; };
		82E0E40B15188B850095425C /* CoreLocation.framework in Frameworks */ = {isa = PBXBuildFile; fileRef = 82E0E40A15188B850095425C /* CoreLocation.framework */; };
		82E0E410151897AA0095425C /* tower_green.png in Resources */ = {isa = PBXBuildFile; fileRef = 82E0E40C151897AA0095425C /* tower_green.png */; };
		82E0E411151897AA0095425C /* tower_orange.png in Resources */ = {isa = PBXBuildFile; fileRef = 82E0E40D151897AA0095425C /* tower_orange.png */; };
		82E0E412151897AA0095425C /* tower_purple.png in Resources */ = {isa = PBXBuildFile; fileRef = 82E0E40E151897AA0095425C /* tower_purple.png */; };
		82E0E413151897AA0095425C /* tower_red.png in Resources */ = {isa = PBXBuildFile; fileRef = 82E0E40F151897AA0095425C /* tower_red.png */; };
/* End PBXBuildFile section */

/* Begin PBXContainerItemProxy section */
		82CD3531150F623900BFE036 /* PBXContainerItemProxy */ = {
			isa = PBXContainerItemProxy;
			containerPortal = 82CD3508150F623900BFE036 /* Project object */;
			proxyType = 1;
			remoteGlobalIDString = 82CD3510150F623900BFE036;
			remoteInfo = IARL;
		};
/* End PBXContainerItemProxy section */

/* Begin PBXCopyFilesBuildPhase section */
		82E0E40615188A040095425C /* CopyFiles */ = {
			isa = PBXCopyFilesBuildPhase;
			buildActionMask = 2147483647;
			dstPath = "";
			dstSubfolderSpec = 16;
			files = (
				82E0E40715188A170095425C /* radios.js in CopyFiles */,
			);
			runOnlyForDeploymentPostprocessing = 0;
		};
/* End PBXCopyFilesBuildPhase section */

/* Begin PBXFileReference section */
		82072785150F802F0001388B /* IARLRadio.h */ = {isa = PBXFileReference; fileEncoding = 4; lastKnownFileType = sourcecode.c.h; path = IARLRadio.h; sourceTree = "<group>"; };
		82072786150F802F0001388B /* IARLRadio.m */ = {isa = PBXFileReference; fileEncoding = 4; lastKnownFileType = sourcecode.c.objc; path = IARLRadio.m; sourceTree = "<group>"; };
		820A026A1518D74D00FF0220 /* NSNumber+IARL.h */ = {isa = PBXFileReference; fileEncoding = 4; lastKnownFileType = sourcecode.c.h; path = "NSNumber+IARL.h"; sourceTree = "<group>"; };
		820A026B1518D74D00FF0220 /* NSNumber+IARL.m */ = {isa = PBXFileReference; fileEncoding = 4; lastKnownFileType = sourcecode.c.objc; path = "NSNumber+IARL.m"; sourceTree = "<group>"; };
		820A026E1518DA6500FF0220 /* tower_blue.png */ = {isa = PBXFileReference; lastKnownFileType = image.png; path = tower_blue.png; sourceTree = "<group>"; };
		82323FE415109C0B0049A90C /* radios.js */ = {isa = PBXFileReference; fileEncoding = 4; lastKnownFileType = sourcecode.javascript; path = radios.js; sourceTree = "<group>"; };
		825316A81520EE3B00745497 /* IARLAnnotationView.h */ = {isa = PBXFileReference; fileEncoding = 4; lastKnownFileType = sourcecode.c.h; path = IARLAnnotationView.h; sourceTree = "<group>"; };
		825316A91520EE3B00745497 /* IARLAnnotationView.m */ = {isa = PBXFileReference; fileEncoding = 4; lastKnownFileType = sourcecode.c.objc; path = IARLAnnotationView.m; sourceTree = "<group>"; };
		827F07DB151F9D1100D006E9 /* 22-location-arrow.png */ = {isa = PBXFileReference; lastKnownFileType = image.png; path = "22-location-arrow.png"; sourceTree = "<group>"; };
		827F07DC151F9D1100D006E9 /* 22-location-arrow@2x.png */ = {isa = PBXFileReference; lastKnownFileType = image.png; path = "22-location-arrow@2x.png"; sourceTree = "<group>"; };
		82A01A681510DA6100637827 /* IARLRadioDetailViewController.h */ = {isa = PBXFileReference; fileEncoding = 4; lastKnownFileType = sourcecode.c.h; path = IARLRadioDetailViewController.h; sourceTree = "<group>"; };
		82A01A691510DA6100637827 /* IARLRadioDetailViewController.m */ = {isa = PBXFileReference; fileEncoding = 4; lastKnownFileType = sourcecode.c.objc; path = IARLRadioDetailViewController.m; sourceTree = "<group>"; };
		82A01A6A1510DA6100637827 /* IARLRadioDetailViewController.xib */ = {isa = PBXFileReference; fileEncoding = 4; lastKnownFileType = file.xib; path = IARLRadioDetailViewController.xib; sourceTree = "<group>"; };
		82A01A6D1510EEF200637827 /* IARLFiltersViewController.h */ = {isa = PBXFileReference; fileEncoding = 4; lastKnownFileType = sourcecode.c.h; path = IARLFiltersViewController.h; sourceTree = "<group>"; };
		82A01A6E1510EEF200637827 /* IARLFiltersViewController.m */ = {isa = PBXFileReference; fileEncoding = 4; lastKnownFileType = sourcecode.c.objc; path = IARLFiltersViewController.m; sourceTree = "<group>"; };
		82A5C2B6151566D000FE1AE1 /* CoreData.framework */ = {isa = PBXFileReference; lastKnownFileType = wrapper.framework; name = CoreData.framework; path = System/Library/Frameworks/CoreData.framework; sourceTree = SDKROOT; };
		82A5C2BA1515681300FE1AE1 /* IARL.xcdatamodel */ = {isa = PBXFileReference; lastKnownFileType = wrapper.xcdatamodel; path = IARL.xcdatamodel; sourceTree = "<group>"; };
		82A5C2BC15157BEA00FE1AE1 /* IARL.sqlite */ = {isa = PBXFileReference; lastKnownFileType = file; path = IARL.sqlite; sourceTree = "<group>"; };
		82A5C2C215157DEB00FE1AE1 /* Database Loader */ = {isa = PBXFileReference; explicitFileType = "compiled.mach-o.executable"; includeInIndex = 0; name = "Database Loader"; path = "database-loader"; sourceTree = BUILT_PRODUCTS_DIR; };
		82A5C2C715157DEB00FE1AE1 /* main.m */ = {isa = PBXFileReference; lastKnownFileType = sourcecode.c.objc; path = main.m; sourceTree = "<group>"; };
		82A5C2CA15157DEB00FE1AE1 /* Database Loader-Prefix.pch */ = {isa = PBXFileReference; lastKnownFileType = sourcecode.c.h; path = "Database Loader-Prefix.pch"; sourceTree = "<group>"; };
		82A5C2D4151691FE00FE1AE1 /* UINavigationBar.png */ = {isa = PBXFileReference; lastKnownFileType = image.png; path = UINavigationBar.png; sourceTree = "<group>"; };
		82CD3511150F623900BFE036 /* IARL.app */ = {isa = PBXFileReference; explicitFileType = wrapper.application; includeInIndex = 0; path = IARL.app; sourceTree = BUILT_PRODUCTS_DIR; };
		82CD3515150F623900BFE036 /* UIKit.framework */ = {isa = PBXFileReference; lastKnownFileType = wrapper.framework; name = UIKit.framework; path = System/Library/Frameworks/UIKit.framework; sourceTree = SDKROOT; };
		82CD3517150F623900BFE036 /* Foundation.framework */ = {isa = PBXFileReference; lastKnownFileType = wrapper.framework; name = Foundation.framework; path = System/Library/Frameworks/Foundation.framework; sourceTree = SDKROOT; };
		82CD3519150F623900BFE036 /* CoreGraphics.framework */ = {isa = PBXFileReference; lastKnownFileType = wrapper.framework; name = CoreGraphics.framework; path = System/Library/Frameworks/CoreGraphics.framework; sourceTree = SDKROOT; };
		82CD351D150F623900BFE036 /* IARL-Info.plist */ = {isa = PBXFileReference; lastKnownFileType = text.plist.xml; path = "IARL-Info.plist"; sourceTree = "<group>"; };
		82CD351F150F623900BFE036 /* en */ = {isa = PBXFileReference; lastKnownFileType = text.plist.strings; name = en; path = en.lproj/InfoPlist.strings; sourceTree = "<group>"; };
		82CD3521150F623900BFE036 /* main.m */ = {isa = PBXFileReference; lastKnownFileType = sourcecode.c.objc; path = main.m; sourceTree = "<group>"; };
		82CD3523150F623900BFE036 /* IARL-Prefix.pch */ = {isa = PBXFileReference; lastKnownFileType = sourcecode.c.h; path = "IARL-Prefix.pch"; sourceTree = "<group>"; };
		82CD3524150F623900BFE036 /* IARLAppDelegate.h */ = {isa = PBXFileReference; lastKnownFileType = sourcecode.c.h; path = IARLAppDelegate.h; sourceTree = "<group>"; };
		82CD3525150F623900BFE036 /* IARLAppDelegate.m */ = {isa = PBXFileReference; lastKnownFileType = sourcecode.c.objc; path = IARLAppDelegate.m; sourceTree = "<group>"; };
		82CD352C150F623900BFE036 /* IARLTests.octest */ = {isa = PBXFileReference; explicitFileType = wrapper.cfbundle; includeInIndex = 0; path = IARLTests.octest; sourceTree = BUILT_PRODUCTS_DIR; };
		82CD352D150F623900BFE036 /* SenTestingKit.framework */ = {isa = PBXFileReference; lastKnownFileType = wrapper.framework; name = SenTestingKit.framework; path = Library/Frameworks/SenTestingKit.framework; sourceTree = DEVELOPER_DIR; };
		82CD3535150F623900BFE036 /* IARLTests-Info.plist */ = {isa = PBXFileReference; lastKnownFileType = text.plist.xml; path = "IARLTests-Info.plist"; sourceTree = "<group>"; };
		82CD3537150F623900BFE036 /* en */ = {isa = PBXFileReference; lastKnownFileType = text.plist.strings; name = en; path = en.lproj/InfoPlist.strings; sourceTree = "<group>"; };
		82CD3539150F623900BFE036 /* IARLTests.h */ = {isa = PBXFileReference; lastKnownFileType = sourcecode.c.h; path = IARLTests.h; sourceTree = "<group>"; };
		82CD353A150F623900BFE036 /* IARLTests.m */ = {isa = PBXFileReference; lastKnownFileType = sourcecode.c.objc; path = IARLTests.m; sourceTree = "<group>"; };
		82CD3544150F637E00BFE036 /* IARLRadioTableController.h */ = {isa = PBXFileReference; fileEncoding = 4; lastKnownFileType = sourcecode.c.h; path = IARLRadioTableController.h; sourceTree = "<group>"; };
		82CD3545150F637E00BFE036 /* IARLRadioTableController.m */ = {isa = PBXFileReference; fileEncoding = 4; lastKnownFileType = sourcecode.c.objc; path = IARLRadioTableController.m; sourceTree = "<group>"; };
		82CD3547150F642B00BFE036 /* IARLMapController.h */ = {isa = PBXFileReference; fileEncoding = 4; lastKnownFileType = sourcecode.c.h; path = IARLMapController.h; sourceTree = "<group>"; };
		82CD3548150F642B00BFE036 /* IARLMapController.m */ = {isa = PBXFileReference; fileEncoding = 4; lastKnownFileType = sourcecode.c.objc; path = IARLMapController.m; sourceTree = "<group>"; };
		82CD354A150F663F00BFE036 /* MapKit.framework */ = {isa = PBXFileReference; lastKnownFileType = wrapper.framework; name = MapKit.framework; path = System/Library/Frameworks/MapKit.framework; sourceTree = SDKROOT; };
		82CD354F150F680C00BFE036 /* CoreLocation.framework */ = {isa = PBXFileReference; lastKnownFileType = wrapper.framework; name = CoreLocation.framework; path = System/Library/Frameworks/CoreLocation.framework; sourceTree = SDKROOT; };
		82E0E3EF1511D8FB0095425C /* NSString+IARL.h */ = {isa = PBXFileReference; fileEncoding = 4; lastKnownFileType = sourcecode.c.h; path = "NSString+IARL.h"; sourceTree = "<group>"; };
		82E0E3F01511D8FB0095425C /* NSString+IARL.m */ = {isa = PBXFileReference; fileEncoding = 4; lastKnownFileType = sourcecode.c.objc; path = "NSString+IARL.m"; sourceTree = "<group>"; };
		82E0E3F31511F5440095425C /* IARLBandFilterViewController.h */ = {isa = PBXFileReference; fileEncoding = 4; lastKnownFileType = sourcecode.c.h; path = IARLBandFilterViewController.h; sourceTree = "<group>"; };
		82E0E3F41511F5450095425C /* IARLBandFilterViewController.m */ = {isa = PBXFileReference; fileEncoding = 4; lastKnownFileType = sourcecode.c.objc; path = IARLBandFilterViewController.m; sourceTree = "<group>"; };
		82E0E3F91512033E0095425C /* IARLDataController.h */ = {isa = PBXFileReference; fileEncoding = 4; lastKnownFileType = sourcecode.c.h; path = IARLDataController.h; sourceTree = "<group>"; };
		82E0E3FA1512033E0095425C /* IARLDataController.m */ = {isa = PBXFileReference; fileEncoding = 4; lastKnownFileType = sourcecode.c.objc; path = IARLDataController.m; sourceTree = "<group>"; };
		82E0E40A15188B850095425C /* CoreLocation.framework */ = {isa = PBXFileReference; lastKnownFileType = wrapper.framework; name = CoreLocation.framework; path = Platforms/MacOSX.platform/Developer/SDKs/MacOSX10.7.sdk/System/Library/Frameworks/CoreLocation.framework; sourceTree = DEVELOPER_DIR; };
		82E0E40C151897AA0095425C /* tower_green.png */ = {isa = PBXFileReference; lastKnownFileType = image.png; path = tower_green.png; sourceTree = "<group>"; };
		82E0E40D151897AA0095425C /* tower_orange.png */ = {isa = PBXFileReference; lastKnownFileType = image.png; path = tower_orange.png; sourceTree = "<group>"; };
		82E0E40E151897AA0095425C /* tower_purple.png */ = {isa = PBXFileReference; lastKnownFileType = image.png; path = tower_purple.png; sourceTree = "<group>"; };
		82E0E40F151897AA0095425C /* tower_red.png */ = {isa = PBXFileReference; lastKnownFileType = image.png; path = tower_red.png; sourceTree = "<group>"; };
/* End PBXFileReference section */

/* Begin PBXFrameworksBuildPhase section */
		82A5C2BF15157DEB00FE1AE1 /* Frameworks */ = {
			isa = PBXFrameworksBuildPhase;
			buildActionMask = 2147483647;
			files = (
				82E0E40B15188B850095425C /* CoreLocation.framework in Frameworks */,
				82A5C2C415157DEB00FE1AE1 /* CoreData.framework in Frameworks */,
				82A5C2C515157DEB00FE1AE1 /* Foundation.framework in Frameworks */,
			);
			runOnlyForDeploymentPostprocessing = 0;
		};
		82CD350E150F623900BFE036 /* Frameworks */ = {
			isa = PBXFrameworksBuildPhase;
			buildActionMask = 2147483647;
			files = (
				82A5C2B7151566D000FE1AE1 /* CoreData.framework in Frameworks */,
				82CD3550150F680C00BFE036 /* CoreLocation.framework in Frameworks */,
				82CD354B150F663F00BFE036 /* MapKit.framework in Frameworks */,
				82CD3516150F623900BFE036 /* UIKit.framework in Frameworks */,
				82CD3518150F623900BFE036 /* Foundation.framework in Frameworks */,
				82CD351A150F623900BFE036 /* CoreGraphics.framework in Frameworks */,
			);
			runOnlyForDeploymentPostprocessing = 0;
		};
		82CD3528150F623900BFE036 /* Frameworks */ = {
			isa = PBXFrameworksBuildPhase;
			buildActionMask = 2147483647;
			files = (
				82CD352E150F623900BFE036 /* SenTestingKit.framework in Frameworks */,
				82CD352F150F623900BFE036 /* UIKit.framework in Frameworks */,
				82CD3530150F623900BFE036 /* Foundation.framework in Frameworks */,
			);
			runOnlyForDeploymentPostprocessing = 0;
		};
/* End PBXFrameworksBuildPhase section */

/* Begin PBXGroup section */
		82A5C2C615157DEB00FE1AE1 /* database-loader */ = {
			isa = PBXGroup;
			children = (
				82A5C2C915157DEB00FE1AE1 /* Supporting Files */,
				82E47C1A15189A5F00B5C160 /* Frameworks */,
				82A5C2C715157DEB00FE1AE1 /* main.m */,
			);
			name = "database-loader";
			path = "Database Loader";
			sourceTree = "<group>";
		};
		82A5C2C915157DEB00FE1AE1 /* Supporting Files */ = {
			isa = PBXGroup;
			children = (
				82A5C2CA15157DEB00FE1AE1 /* Database Loader-Prefix.pch */,
			);
			name = "Supporting Files";
			sourceTree = "<group>";
		};
		82CD3506150F623900BFE036 = {
			isa = PBXGroup;
			children = (
				82CD351B150F623900BFE036 /* IARL */,
				82CD3533150F623900BFE036 /* IARLTests */,
				82A5C2C615157DEB00FE1AE1 /* database-loader */,
				82CD3514150F623900BFE036 /* Frameworks */,
				82CD3512150F623900BFE036 /* Products */,
			);
			sourceTree = "<group>";
		};
		82CD3512150F623900BFE036 /* Products */ = {
			isa = PBXGroup;
			children = (
				82CD3511150F623900BFE036 /* IARL.app */,
				82CD352C150F623900BFE036 /* IARLTests.octest */,
				82A5C2C215157DEB00FE1AE1 /* Database Loader */,
			);
			name = Products;
			sourceTree = "<group>";
		};
		82CD3514150F623900BFE036 /* Frameworks */ = {
			isa = PBXGroup;
			children = (
				82A5C2B6151566D000FE1AE1 /* CoreData.framework */,
				82CD354F150F680C00BFE036 /* CoreLocation.framework */,
				82CD354A150F663F00BFE036 /* MapKit.framework */,
				82CD3515150F623900BFE036 /* UIKit.framework */,
				82CD3517150F623900BFE036 /* Foundation.framework */,
				82CD3519150F623900BFE036 /* CoreGraphics.framework */,
				82CD352D150F623900BFE036 /* SenTestingKit.framework */,
			);
			name = Frameworks;
			sourceTree = "<group>";
		};
		82CD351B150F623900BFE036 /* IARL */ = {
			isa = PBXGroup;
			children = (
				82E0E3EF1511D8FB0095425C /* NSString+IARL.h */,
				82E0E3F01511D8FB0095425C /* NSString+IARL.m */,
				82CD3524150F623900BFE036 /* IARLAppDelegate.h */,
				82CD3525150F623900BFE036 /* IARLAppDelegate.m */,
				82CD351C150F623900BFE036 /* Supporting Files */,
				82CD3544150F637E00BFE036 /* IARLRadioTableController.h */,
				82CD3545150F637E00BFE036 /* IARLRadioTableController.m */,
				82CD3547150F642B00BFE036 /* IARLMapController.h */,
				82CD3548150F642B00BFE036 /* IARLMapController.m */,
				82072785150F802F0001388B /* IARLRadio.h */,
				82072786150F802F0001388B /* IARLRadio.m */,
				82A01A681510DA6100637827 /* IARLRadioDetailViewController.h */,
				82A01A691510DA6100637827 /* IARLRadioDetailViewController.m */,
				82A01A6A1510DA6100637827 /* IARLRadioDetailViewController.xib */,
				82A01A6D1510EEF200637827 /* IARLFiltersViewController.h */,
				82A01A6E1510EEF200637827 /* IARLFiltersViewController.m */,
				82E0E3F31511F5440095425C /* IARLBandFilterViewController.h */,
				82E0E3F41511F5450095425C /* IARLBandFilterViewController.m */,
				82E0E3F91512033E0095425C /* IARLDataController.h */,
				82E0E3FA1512033E0095425C /* IARLDataController.m */,
				82A5C2B91515681300FE1AE1 /* IARL.xcdatamodeld */,
				820A026A1518D74D00FF0220 /* NSNumber+IARL.h */,
				820A026B1518D74D00FF0220 /* NSNumber+IARL.m */,
				825316A81520EE3B00745497 /* IARLAnnotationView.h */,
				825316A91520EE3B00745497 /* IARLAnnotationView.m */,
			);
			path = IARL;
			sourceTree = "<group>";
		};
		82CD351C150F623900BFE036 /* Supporting Files */ = {
			isa = PBXGroup;
			children = (
				827F07DB151F9D1100D006E9 /* 22-location-arrow.png */,
				827F07DC151F9D1100D006E9 /* 22-location-arrow@2x.png */,
				820A026E1518DA6500FF0220 /* tower_blue.png */,
				82E0E40C151897AA0095425C /* tower_green.png */,
				82E0E40D151897AA0095425C /* tower_orange.png */,
				82E0E40E151897AA0095425C /* tower_purple.png */,
				82E0E40F151897AA0095425C /* tower_red.png */,
				82A5C2D4151691FE00FE1AE1 /* UINavigationBar.png */,
				82A5C2BC15157BEA00FE1AE1 /* IARL.sqlite */,
				82323FE415109C0B0049A90C /* radios.js */,
				82CD351D150F623900BFE036 /* IARL-Info.plist */,
				82CD351E150F623900BFE036 /* InfoPlist.strings */,
				82CD3521150F623900BFE036 /* main.m */,
				82CD3523150F623900BFE036 /* IARL-Prefix.pch */,
			);
			name = "Supporting Files";
			sourceTree = "<group>";
		};
		82CD3533150F623900BFE036 /* IARLTests */ = {
			isa = PBXGroup;
			children = (
				82CD3539150F623900BFE036 /* IARLTests.h */,
				82CD353A150F623900BFE036 /* IARLTests.m */,
				82CD3534150F623900BFE036 /* Supporting Files */,
			);
			path = IARLTests;
			sourceTree = "<group>";
		};
		82CD3534150F623900BFE036 /* Supporting Files */ = {
			isa = PBXGroup;
			children = (
				82CD3535150F623900BFE036 /* IARLTests-Info.plist */,
				82CD3536150F623900BFE036 /* InfoPlist.strings */,
			);
			name = "Supporting Files";
			sourceTree = "<group>";
		};
		82E47C1A15189A5F00B5C160 /* Frameworks */ = {
			isa = PBXGroup;
			children = (
				82E0E40A15188B850095425C /* CoreLocation.framework */,
			);
			name = Frameworks;
			sourceTree = "<group>";
		};
/* End PBXGroup section */

/* Begin PBXNativeTarget section */
		82A5C2C115157DEB00FE1AE1 /* database-loader */ = {
			isa = PBXNativeTarget;
			buildConfigurationList = 82A5C2D015157DEB00FE1AE1 /* Build configuration list for PBXNativeTarget "database-loader" */;
			buildPhases = (
				82A5C2BE15157DEB00FE1AE1 /* Sources */,
				82A5C2BF15157DEB00FE1AE1 /* Frameworks */,
				82E0E40615188A040095425C /* CopyFiles */,
			);
			buildRules = (
			);
			dependencies = (
			);
			name = "database-loader";
			productName = "Database Loader";
			productReference = 82A5C2C215157DEB00FE1AE1 /* Database Loader */;
			productType = "com.apple.product-type.tool";
		};
		82CD3510150F623900BFE036 /* IARL */ = {
			isa = PBXNativeTarget;
			buildConfigurationList = 82CD353E150F623900BFE036 /* Build configuration list for PBXNativeTarget "IARL" */;
			buildPhases = (
				82CD350D150F623900BFE036 /* Sources */,
				82CD350E150F623900BFE036 /* Frameworks */,
				82CD350F150F623900BFE036 /* Resources */,
			);
			buildRules = (
			);
			dependencies = (
			);
			name = IARL;
			productName = IARL;
			productReference = 82CD3511150F623900BFE036 /* IARL.app */;
			productType = "com.apple.product-type.application";
		};
		82CD352B150F623900BFE036 /* IARLTests */ = {
			isa = PBXNativeTarget;
			buildConfigurationList = 82CD3541150F623900BFE036 /* Build configuration list for PBXNativeTarget "IARLTests" */;
			buildPhases = (
				82CD3527150F623900BFE036 /* Sources */,
				82CD3528150F623900BFE036 /* Frameworks */,
				82CD3529150F623900BFE036 /* Resources */,
				82CD352A150F623900BFE036 /* ShellScript */,
			);
			buildRules = (
			);
			dependencies = (
				82CD3532150F623900BFE036 /* PBXTargetDependency */,
			);
			name = IARLTests;
			productName = IARLTests;
			productReference = 82CD352C150F623900BFE036 /* IARLTests.octest */;
			productType = "com.apple.product-type.bundle";
		};
/* End PBXNativeTarget section */

/* Begin PBXProject section */
		82CD3508150F623900BFE036 /* Project object */ = {
			isa = PBXProject;
			attributes = {
				CLASSPREFIX = IARL;
				LastUpgradeCheck = 0430;
				ORGANIZATIONNAME = igorsutton.com;
			};
			buildConfigurationList = 82CD350B150F623900BFE036 /* Build configuration list for PBXProject "IARL" */;
			compatibilityVersion = "Xcode 3.2";
			developmentRegion = English;
			hasScannedForEncodings = 0;
			knownRegions = (
				en,
			);
			mainGroup = 82CD3506150F623900BFE036;
			productRefGroup = 82CD3512150F623900BFE036 /* Products */;
			projectDirPath = "";
			projectRoot = "";
			targets = (
				82CD3510150F623900BFE036 /* IARL */,
				82A5C2C115157DEB00FE1AE1 /* database-loader */,
				82CD352B150F623900BFE036 /* IARLTests */,
			);
		};
/* End PBXProject section */

/* Begin PBXResourcesBuildPhase section */
		82CD350F150F623900BFE036 /* Resources */ = {
			isa = PBXResourcesBuildPhase;
			buildActionMask = 2147483647;
			files = (
				82CD3520150F623900BFE036 /* InfoPlist.strings in Resources */,
				82A01A6C1510DA6100637827 /* IARLRadioDetailViewController.xib in Resources */,
				82A5C2BD15157BEA00FE1AE1 /* IARL.sqlite in Resources */,
				82A5C2D5151691FE00FE1AE1 /* UINavigationBar.png in Resources */,
				82E0E410151897AA0095425C /* tower_green.png in Resources */,
				82E0E411151897AA0095425C /* tower_orange.png in Resources */,
				82E0E412151897AA0095425C /* tower_purple.png in Resources */,
				82E0E413151897AA0095425C /* tower_red.png in Resources */,
				820A026F1518DA6500FF0220 /* tower_blue.png in Resources */,
				827F07DD151F9D1100D006E9 /* 22-location-arrow.png in Resources */,
				827F07DE151F9D1100D006E9 /* 22-location-arrow@2x.png in Resources */,
			);
			runOnlyForDeploymentPostprocessing = 0;
		};
		82CD3529150F623900BFE036 /* Resources */ = {
			isa = PBXResourcesBuildPhase;
			buildActionMask = 2147483647;
			files = (
				82CD3538150F623900BFE036 /* InfoPlist.strings in Resources */,
			);
			runOnlyForDeploymentPostprocessing = 0;
		};
/* End PBXResourcesBuildPhase section */

/* Begin PBXShellScriptBuildPhase section */
		82CD352A150F623900BFE036 /* ShellScript */ = {
			isa = PBXShellScriptBuildPhase;
			buildActionMask = 2147483647;
			files = (
			);
			inputPaths = (
			);
			outputPaths = (
			);
			runOnlyForDeploymentPostprocessing = 0;
			shellPath = /bin/sh;
			shellScript = "# Run the unit tests in this test bundle.\n\"${SYSTEM_DEVELOPER_DIR}/Tools/RunUnitTests\"\n";
		};
/* End PBXShellScriptBuildPhase section */

/* Begin PBXSourcesBuildPhase section */
		82A5C2BE15157DEB00FE1AE1 /* Sources */ = {
			isa = PBXSourcesBuildPhase;
			buildActionMask = 2147483647;
			files = (
				827F07D9151F95C000D006E9 /* NSNumber+IARL.m in Sources */,
				82A5C2D315157E3F00FE1AE1 /* IARL.xcdatamodeld in Sources */,
				82E0E40815188B3B0095425C /* IARLRadio.m in Sources */,
				82A5C2C815157DEB00FE1AE1 /* main.m in Sources */,
			);
			runOnlyForDeploymentPostprocessing = 0;
		};
		82CD350D150F623900BFE036 /* Sources */ = {
			isa = PBXSourcesBuildPhase;
			buildActionMask = 2147483647;
			files = (
				82CD3522150F623900BFE036 /* main.m in Sources */,
				82CD3526150F623900BFE036 /* IARLAppDelegate.m in Sources */,
				82CD3546150F637E00BFE036 /* IARLRadioTableController.m in Sources */,
				82CD3549150F642B00BFE036 /* IARLMapController.m in Sources */,
				82072787150F802F0001388B /* IARLRadio.m in Sources */,
				82A01A6B1510DA6100637827 /* IARLRadioDetailViewController.m in Sources */,
				82A01A6F1510EEF200637827 /* IARLFiltersViewController.m in Sources */,
				82E0E3F11511D8FB0095425C /* NSString+IARL.m in Sources */,
				82E0E3F51511F5450095425C /* IARLBandFilterViewController.m in Sources */,
				82E0E3FB1512033E0095425C /* IARLDataController.m in Sources */,
				82A5C2BB1515681300FE1AE1 /* IARL.xcdatamodeld in Sources */,
				820A026C1518D74D00FF0220 /* NSNumber+IARL.m in Sources */,
				825316AA1520EE3B00745497 /* IARLAnnotationView.m in Sources */,
			);
			runOnlyForDeploymentPostprocessing = 0;
		};
		82CD3527150F623900BFE036 /* Sources */ = {
			isa = PBXSourcesBuildPhase;
			buildActionMask = 2147483647;
			files = (
				82CD353B150F623900BFE036 /* IARLTests.m in Sources */,
			);
			runOnlyForDeploymentPostprocessing = 0;
		};
/* End PBXSourcesBuildPhase section */

/* Begin PBXTargetDependency section */
		82CD3532150F623900BFE036 /* PBXTargetDependency */ = {
			isa = PBXTargetDependency;
			target = 82CD3510150F623900BFE036 /* IARL */;
			targetProxy = 82CD3531150F623900BFE036 /* PBXContainerItemProxy */;
		};
/* End PBXTargetDependency section */

/* Begin PBXVariantGroup section */
		82CD351E150F623900BFE036 /* InfoPlist.strings */ = {
			isa = PBXVariantGroup;
			children = (
				82CD351F150F623900BFE036 /* en */,
			);
			name = InfoPlist.strings;
			sourceTree = "<group>";
		};
		82CD3536150F623900BFE036 /* InfoPlist.strings */ = {
			isa = PBXVariantGroup;
			children = (
				82CD3537150F623900BFE036 /* en */,
			);
			name = InfoPlist.strings;
			sourceTree = "<group>";
		};
/* End PBXVariantGroup section */

/* Begin XCBuildConfiguration section */
		82A5C2D115157DEB00FE1AE1 /* Debug */ = {
			isa = XCBuildConfiguration;
			buildSettings = {
				ARCHS = "$(ARCHS_STANDARD_64_BIT)";
				GCC_ENABLE_OBJC_EXCEPTIONS = YES;
				GCC_PRECOMPILE_PREFIX_HEADER = YES;
				GCC_PREFIX_HEADER = "Database Loader/Database Loader-Prefix.pch";
				GCC_WARN_64_TO_32_BIT_CONVERSION = YES;
				MACOSX_DEPLOYMENT_TARGET = 10.7;
				ONLY_ACTIVE_ARCH = YES;
				PRODUCT_NAME = "$(TARGET_NAME)";
				SDKROOT = macosx;
			};
			name = Debug;
		};
		82A5C2D215157DEB00FE1AE1 /* Release */ = {
			isa = XCBuildConfiguration;
			buildSettings = {
				ARCHS = "$(ARCHS_STANDARD_64_BIT)";
				DEBUG_INFORMATION_FORMAT = "dwarf-with-dsym";
				GCC_ENABLE_OBJC_EXCEPTIONS = YES;
				GCC_PRECOMPILE_PREFIX_HEADER = YES;
				GCC_PREFIX_HEADER = "Database Loader/Database Loader-Prefix.pch";
				GCC_WARN_64_TO_32_BIT_CONVERSION = YES;
				MACOSX_DEPLOYMENT_TARGET = 10.7;
				PRODUCT_NAME = "$(TARGET_NAME)";
				SDKROOT = macosx;
			};
			name = Release;
		};
		82CD353C150F623900BFE036 /* Debug */ = {
			isa = XCBuildConfiguration;
			buildSettings = {
				ALWAYS_SEARCH_USER_PATHS = NO;
				ARCHS = "$(ARCHS_STANDARD_32_BIT)";
				CLANG_ENABLE_OBJC_ARC = YES;
				"CODE_SIGN_IDENTITY[sdk=iphoneos*]" = "iPhone Developer";
				COPY_PHASE_STRIP = NO;
				GCC_C_LANGUAGE_STANDARD = gnu99;
				GCC_DYNAMIC_NO_PIC = NO;
				GCC_OPTIMIZATION_LEVEL = 0;
				GCC_PREPROCESSOR_DEFINITIONS = (
					"DEBUG=1",
					"$(inherited)",
				);
				GCC_SYMBOLS_PRIVATE_EXTERN = NO;
				GCC_VERSION = com.apple.compilers.llvm.clang.1_0;
				GCC_WARN_ABOUT_RETURN_TYPE = YES;
				GCC_WARN_UNINITIALIZED_AUTOS = YES;
				GCC_WARN_UNUSED_VARIABLE = YES;
				IPHONEOS_DEPLOYMENT_TARGET = 5.1;
				SDKROOT = iphoneos;
				TARGETED_DEVICE_FAMILY = 2;
			};
			name = Debug;
		};
		82CD353D150F623900BFE036 /* Release */ = {
			isa = XCBuildConfiguration;
			buildSettings = {
				ALWAYS_SEARCH_USER_PATHS = NO;
				ARCHS = "$(ARCHS_STANDARD_32_BIT)";
				CLANG_ENABLE_OBJC_ARC = YES;
				"CODE_SIGN_IDENTITY[sdk=iphoneos*]" = "iPhone Developer";
				COPY_PHASE_STRIP = YES;
				GCC_C_LANGUAGE_STANDARD = gnu99;
				GCC_VERSION = com.apple.compilers.llvm.clang.1_0;
				GCC_WARN_ABOUT_RETURN_TYPE = YES;
				GCC_WARN_UNINITIALIZED_AUTOS = YES;
				GCC_WARN_UNUSED_VARIABLE = YES;
				IPHONEOS_DEPLOYMENT_TARGET = 5.1;
				OTHER_CFLAGS = "-DNS_BLOCK_ASSERTIONS=1";
				SDKROOT = iphoneos;
				TARGETED_DEVICE_FAMILY = 2;
				VALIDATE_PRODUCT = YES;
			};
			name = Release;
		};
		82CD353F150F623900BFE036 /* Debug */ = {
			isa = XCBuildConfiguration;
			buildSettings = {
				GCC_PRECOMPILE_PREFIX_HEADER = YES;
				GCC_PREFIX_HEADER = "IARL/IARL-Prefix.pch";
				INFOPLIST_FILE = "IARL/IARL-Info.plist";
				PRODUCT_NAME = "$(TARGET_NAME)";
				WRAPPER_EXTENSION = app;
			};
			name = Debug;
		};
		82CD3540150F623900BFE036 /* Release */ = {
			isa = XCBuildConfiguration;
			buildSettings = {
				GCC_PRECOMPILE_PREFIX_HEADER = YES;
				GCC_PREFIX_HEADER = "IARL/IARL-Prefix.pch";
				INFOPLIST_FILE = "IARL/IARL-Info.plist";
				PRODUCT_NAME = "$(TARGET_NAME)";
				WRAPPER_EXTENSION = app;
			};
			name = Release;
		};
		82CD3542150F623900BFE036 /* Debug */ = {
			isa = XCBuildConfiguration;
			buildSettings = {
				BUNDLE_LOADER = "$(BUILT_PRODUCTS_DIR)/IARL.app/IARL";
				FRAMEWORK_SEARCH_PATHS = (
					"$(SDKROOT)/Developer/Library/Frameworks",
					"$(DEVELOPER_LIBRARY_DIR)/Frameworks",
				);
				GCC_PRECOMPILE_PREFIX_HEADER = YES;
				GCC_PREFIX_HEADER = "IARL/IARL-Prefix.pch";
				INFOPLIST_FILE = "IARLTests/IARLTests-Info.plist";
				PRODUCT_NAME = "$(TARGET_NAME)";
				TEST_HOST = "$(BUNDLE_LOADER)";
				WRAPPER_EXTENSION = octest;
			};
			name = Debug;
		};
		82CD3543150F623900BFE036 /* Release */ = {
			isa = XCBuildConfiguration;
			buildSettings = {
				BUNDLE_LOADER = "$(BUILT_PRODUCTS_DIR)/IARL.app/IARL";
				FRAMEWORK_SEARCH_PATHS = (
					"$(SDKROOT)/Developer/Library/Frameworks",
					"$(DEVELOPER_LIBRARY_DIR)/Frameworks",
				);
				GCC_PRECOMPILE_PREFIX_HEADER = YES;
				GCC_PREFIX_HEADER = "IARL/IARL-Prefix.pch";
				INFOPLIST_FILE = "IARLTests/IARLTests-Info.plist";
				PRODUCT_NAME = "$(TARGET_NAME)";
				TEST_HOST = "$(BUNDLE_LOADER)";
				WRAPPER_EXTENSION = octest;
			};
			name = Release;
		};
/* End XCBuildConfiguration section */

/* Begin XCConfigurationList section */
		82A5C2D015157DEB00FE1AE1 /* Build configuration list for PBXNativeTarget "database-loader" */ = {
			isa = XCConfigurationList;
			buildConfigurations = (
				82A5C2D115157DEB00FE1AE1 /* Debug */,
				82A5C2D215157DEB00FE1AE1 /* Release */,
			);
			defaultConfigurationIsVisible = 0;
			defaultConfigurationName = Release;
		};
		82CD350B150F623900BFE036 /* Build configuration list for PBXProject "IARL" */ = {
			isa = XCConfigurationList;
			buildConfigurations = (
				82CD353C150F623900BFE036 /* Debug */,
				82CD353D150F623900BFE036 /* Release */,
			);
			defaultConfigurationIsVisible = 0;
			defaultConfigurationName = Release;
		};
		82CD353E150F623900BFE036 /* Build configuration list for PBXNativeTarget "IARL" */ = {
			isa = XCConfigurationList;
			buildConfigurations = (
				82CD353F150F623900BFE036 /* Debug */,
				82CD3540150F623900BFE036 /* Release */,
			);
			defaultConfigurationIsVisible = 0;
			defaultConfigurationName = Release;
		};
		82CD3541150F623900BFE036 /* Build configuration list for PBXNativeTarget "IARLTests" */ = {
			isa = XCConfigurationList;
			buildConfigurations = (
				82CD3542150F623900BFE036 /* Debug */,
				82CD3543150F623900BFE036 /* Release */,
			);
			defaultConfigurationIsVisible = 0;
			defaultConfigurationName = Release;
		};
/* End XCConfigurationList section */

/* Begin XCVersionGroup section */
		82A5C2B91515681300FE1AE1 /* IARL.xcdatamodeld */ = {
			isa = XCVersionGroup;
			children = (
				82A5C2BA1515681300FE1AE1 /* IARL.xcdatamodel */,
			);
			currentVersion = 82A5C2BA1515681300FE1AE1 /* IARL.xcdatamodel */;
			path = IARL.xcdatamodeld;
			sourceTree = "<group>";
			versionGroupType = wrapper.xcdatamodel;
		};
/* End XCVersionGroup section */
	};
	rootObject = 82CD3508150F623900BFE036 /* Project object */;
}
